
Microsoft Visual Studio Solution File, Format Version 12.00
# Visual Studio Version 16
VisualStudioVersion = 16.0.29709.97
MinimumVisualStudioVersion = 10.0.40219.1
Project("{FAE04EC0-301F-11D3-BF4B-00C04F79EFBC}") = "PatientRecordApp.UI.Winforms", "PatientRecordApp.UI.Winforms\PatientRecordApp.UI.Winforms.csproj", "{FE9D7549-7825-4AC8-BA0A-AF00E4858B3C}"
EndProject
Project("{FAE04EC0-301F-11D3-BF4B-00C04F79EFBC}") = "PatientRecordApp.Core", "PatientRecordApp.Core\PatientRecordApp.Core.csproj", "{0665B7C9-0354-4BB0-B7F6-98D96E2F9D8F}"
EndProject
Project("{FAE04EC0-301F-11D3-BF4B-00C04F79EFBC}") = "PatientRecordApp.UI.Winforms.MDI", "PatientRecordApp.UI.Winforms.MDI\PatientRecordApp.UI.Winforms.MDI.csproj", "{06B7C32A-4D4E-4581-A1A8-20C845E0216A}"
EndProject
Global
	GlobalSection(SolutionConfigurationPlatforms) = preSolution
		Debug|Any CPU = Debug|Any CPU
		Release|Any CPU = Release|Any CPU
	EndGlobalSection
	GlobalSection(ProjectConfigurationPlatforms) = postSolution
		{FE9D7549-7825-4AC8-BA0A-AF00E4858B3C}.Debug|Any CPU.ActiveCfg = Debug|Any CPU
		{FE9D7549-7825-4AC8-BA0A-AF00E4858B3C}.Debug|Any CPU.Build.0 = Debug|Any CPU
		{FE9D7549-7825-4AC8-BA0A-AF00E4858B3C}.Release|Any CPU.ActiveCfg = Release|Any CPU
		{FE9D7549-7825-4AC8-BA0A-AF00E4858B3C}.Release|Any CPU.Build.0 = Release|Any CPU
		{0665B7C9-0354-4BB0-B7F6-98D96E2F9D8F}.Debug|Any CPU.ActiveCfg = Debug|Any CPU
		{0665B7C9-0354-4BB0-B7F6-98D96E2F9D8F}.Debug|Any CPU.Build.0 = Debug|Any CPU
		{0665B7C9-0354-4BB0-B7F6-98D96E2F9D8F}.Release|Any CPU.ActiveCfg = Release|Any CPU
		{0665B7C9-0354-4BB0-B7F6-98D96E2F9D8F}.Release|Any CPU.Build.0 = Release|Any CPU
		{06B7C32A-4D4E-4581-A1A8-20C845E0216A}.Debug|Any CPU.ActiveCfg = Debug|Any CPU
		{06B7C32A-4D4E-4581-A1A8-20C845E0216A}.Debug|Any CPU.Build.0 = Debug|Any CPU
		{06B7C32A-4D4E-4581-A1A8-20C845E0216A}.Release|Any CPU.ActiveCfg = Release|Any CPU
		{06B7C32A-4D4E-4581-A1A8-20C845E0216A}.Release|Any CPU.Build.0 = Release|Any CPU
	EndGlobalSection
	GlobalSection(SolutionProperties) = preSolution
		HideSolutionNode = FALSE
	EndGlobalSection
	GlobalSection(ExtensibilityGlobals) = postSolution
		SolutionGuid = {68905E4D-DABF-4CFF-AEC3-24342474F8BD}
	EndGlobalSection
EndGlobal
